
Microsoft Visual Studio Solution File, Format Version 12.00
# Visual Studio 15
VisualStudioVersion = 15.0.27130.2036
MinimumVisualStudioVersion = 10.0.40219.1
Project("{FAE04EC0-301F-11D3-BF4B-00C04F79EFBC}") = "ArrayListCSharpImpl", "ArrayListCSharpImpl\ArrayListCSharpImpl.csproj", "{D287E913-A613-4CB9-A99E-87B3C4020DA8}"
EndProject
Project("{FAE04EC0-301F-11D3-BF4B-00C04F79EFBC}") = "ArrayListCSharpImpl.Tests", "ArrayListCSharpImpl.Tests\ArrayListCSharpImpl.Tests.csproj", "{785CF00E-F8DB-47D8-9FC3-BDCDC414F83A}"
EndProject
Global
	GlobalSection(SolutionConfigurationPlatforms) = preSolution
		Debug|Any CPU = Debug|Any CPU
		Release|Any CPU = Release|Any CPU
	EndGlobalSection
	GlobalSection(ProjectConfigurationPlatforms) = postSolution
		{D287E913-A613-4CB9-A99E-87B3C4020DA8}.Debug|Any CPU.ActiveCfg = Debug|Any CPU
		{D287E913-A613-4CB9-A99E-87B3C4020DA8}.Debug|Any CPU.Build.0 = Debug|Any CPU
		{D287E913-A613-4CB9-A99E-87B3C4020DA8}.Release|Any CPU.ActiveCfg = Release|Any CPU
		{D287E913-A613-4CB9-A99E-87B3C4020DA8}.Release|Any CPU.Build.0 = Release|Any CPU
		{785CF00E-F8DB-47D8-9FC3-BDCDC414F83A}.Debug|Any CPU.ActiveCfg = Debug|Any CPU
		{785CF00E-F8DB-47D8-9FC3-BDCDC414F83A}.Debug|Any CPU.Build.0 = Debug|Any CPU
		{785CF00E-F8DB-47D8-9FC3-BDCDC414F83A}.Release|Any CPU.ActiveCfg = Release|Any CPU
		{785CF00E-F8DB-47D8-9FC3-BDCDC414F83A}.Release|Any CPU.Build.0 = Release|Any CPU
	EndGlobalSection
	GlobalSection(SolutionProperties) = preSolution
		HideSolutionNode = FALSE
	EndGlobalSection
	GlobalSection(ExtensibilityGlobals) = postSolution
		SolutionGuid = {0CE782F6-278B-4298-A3A3-055EB795F2E0}
	EndGlobalSection
EndGlobal
